{
    "name": "GroceryAssistant",
    "version": "1.0.0",
    "lockfileVersion": 1,
    "requires": true,
    "dependencies": {
        "cordova-plugin-device": {
            "version": "2.0.3",
            "resolved": "https://registry.npmjs.org/cordova-plugin-device/-/cordova-plugin-device-2.0.3.tgz",
            "integrity": "sha512-Jb3V72btxf3XHpkPQsGdyc8N6tVBYn1vsxSFj43fIz9vonJDUThYPCJJHqk6PX6N4dJw6I4FjxkpfCR4LDYMlw=="
        }
    }
}
